
Microsoft Visual Studio Solution File, Format Version 12.00
# Visual Studio Version 17
VisualStudioVersion = 17.7.34202.233
MinimumVisualStudioVersion = 10.0.40219.1
Project("{FAE04EC0-301F-11D3-BF4B-00C04F79EFBC}") = "DDStore", "DDStore\DDStore.csproj", "{8C49CBEC-83F3-4B7D-AFAB-E481C2C92D31}"
	ProjectSection(ProjectDependencies) = postProject
		{5AEE4569-5376-4093-BA44-0E6D54AEBDBC} = {5AEE4569-5376-4093-BA44-0E6D54AEBDBC}
	EndProjectSection
EndProject
Project("{FAE04EC0-301F-11D3-BF4B-00C04F79EFBC}") = "DDStoreServer", "DDStoreServer\DDStoreServer.csproj", "{5AEE4569-5376-4093-BA44-0E6D54AEBDBC}"
EndProject
Global
	GlobalSection(SolutionConfigurationPlatforms) = preSolution
		Debug|Any CPU = Debug|Any CPU
		Release|Any CPU = Release|Any CPU
	EndGlobalSection
	GlobalSection(ProjectConfigurationPlatforms) = postSolution
		{8C49CBEC-83F3-4B7D-AFAB-E481C2C92D31}.Debug|Any CPU.ActiveCfg = Debug|Any CPU
		{8C49CBEC-83F3-4B7D-AFAB-E481C2C92D31}.Debug|Any CPU.Build.0 = Debug|Any CPU
		{8C49CBEC-83F3-4B7D-AFAB-E481C2C92D31}.Release|Any CPU.ActiveCfg = Release|Any CPU
		{8C49CBEC-83F3-4B7D-AFAB-E481C2C92D31}.Release|Any CPU.Build.0 = Release|Any CPU
		{5AEE4569-5376-4093-BA44-0E6D54AEBDBC}.Debug|Any CPU.ActiveCfg = Debug|Any CPU
		{5AEE4569-5376-4093-BA44-0E6D54AEBDBC}.Debug|Any CPU.Build.0 = Debug|Any CPU
		{5AEE4569-5376-4093-BA44-0E6D54AEBDBC}.Release|Any CPU.ActiveCfg = Release|Any CPU
		{5AEE4569-5376-4093-BA44-0E6D54AEBDBC}.Release|Any CPU.Build.0 = Release|Any CPU
	EndGlobalSection
	GlobalSection(SolutionProperties) = preSolution
		HideSolutionNode = FALSE
	EndGlobalSection
	GlobalSection(ExtensibilityGlobals) = postSolution
		SolutionGuid = {9E60A696-8DE3-4AD8-AB93-3566158EE83E}
	EndGlobalSection
EndGlobal
